
Microsoft Visual Studio Solution File, Format Version 12.00
Project("{2150E333-8FDC-42A3-9474-1A3956D46DE8}") = "Frontend", "Frontend", "{1EA9AE40-AA1E-4B66-A89B-0E57E4FDEB3B}"
EndProject
Project("{2150E333-8FDC-42A3-9474-1A3956D46DE8}") = "Backend", "Backend", "{71126180-2954-4492-8D90-8984F19E9867}"
EndProject
Project("{FAE04EC0-301F-11D3-BF4B-00C04F79EFBC}") = "Blog.Api", "Backend\Blog.Api\Blog.Api.csproj", "{95972520-BD0C-47B0-B3A8-7BA7D699D2F2}"
EndProject
Project("{FAE04EC0-301F-11D3-BF4B-00C04F79EFBC}") = "Blog.Data", "Backend\Blog.Data\Blog.Data.csproj", "{86B0603E-874C-4AB3-9BC5-DB8524BFAC04}"
EndProject
Project("{FAE04EC0-301F-11D3-BF4B-00C04F79EFBC}") = "Blog.Models", "Backend\Blog.Models\Blog.Models.csproj", "{2BC58B85-91A1-4703-A171-E00380DD4EFC}"
EndProject
Project("{FAE04EC0-301F-11D3-BF4B-00C04F79EFBC}") = "Blog.Services", "Backend\Blog.Services\Blog.Services.csproj", "{15C616B8-DD00-40B2-8BD4-CB7D0C9550B4}"
EndProject
Project("{FAE04EC0-301F-11D3-BF4B-00C04F79EFBC}") = "Blog.Client", "Frontend\Blog.Client\Blog.Client.csproj", "{E629CFE3-3B4E-45DF-9AD8-977331C323EA}"
EndProject
Global
	GlobalSection(SolutionConfigurationPlatforms) = preSolution
		Debug|Any CPU = Debug|Any CPU
		Release|Any CPU = Release|Any CPU
	EndGlobalSection
	GlobalSection(NestedProjects) = preSolution
		{95972520-BD0C-47B0-B3A8-7BA7D699D2F2} = {71126180-2954-4492-8D90-8984F19E9867}
		{86B0603E-874C-4AB3-9BC5-DB8524BFAC04} = {71126180-2954-4492-8D90-8984F19E9867}
		{2BC58B85-91A1-4703-A171-E00380DD4EFC} = {71126180-2954-4492-8D90-8984F19E9867}
		{15C616B8-DD00-40B2-8BD4-CB7D0C9550B4} = {71126180-2954-4492-8D90-8984F19E9867}
		{E629CFE3-3B4E-45DF-9AD8-977331C323EA} = {1EA9AE40-AA1E-4B66-A89B-0E57E4FDEB3B}
	EndGlobalSection
	GlobalSection(ProjectConfigurationPlatforms) = postSolution
		{95972520-BD0C-47B0-B3A8-7BA7D699D2F2}.Debug|Any CPU.ActiveCfg = Debug|Any CPU
		{95972520-BD0C-47B0-B3A8-7BA7D699D2F2}.Debug|Any CPU.Build.0 = Debug|Any CPU
		{95972520-BD0C-47B0-B3A8-7BA7D699D2F2}.Release|Any CPU.ActiveCfg = Release|Any CPU
		{95972520-BD0C-47B0-B3A8-7BA7D699D2F2}.Release|Any CPU.Build.0 = Release|Any CPU
		{86B0603E-874C-4AB3-9BC5-DB8524BFAC04}.Debug|Any CPU.ActiveCfg = Debug|Any CPU
		{86B0603E-874C-4AB3-9BC5-DB8524BFAC04}.Debug|Any CPU.Build.0 = Debug|Any CPU
		{86B0603E-874C-4AB3-9BC5-DB8524BFAC04}.Release|Any CPU.ActiveCfg = Release|Any CPU
		{86B0603E-874C-4AB3-9BC5-DB8524BFAC04}.Release|Any CPU.Build.0 = Release|Any CPU
		{2BC58B85-91A1-4703-A171-E00380DD4EFC}.Debug|Any CPU.ActiveCfg = Debug|Any CPU
		{2BC58B85-91A1-4703-A171-E00380DD4EFC}.Debug|Any CPU.Build.0 = Debug|Any CPU
		{2BC58B85-91A1-4703-A171-E00380DD4EFC}.Release|Any CPU.ActiveCfg = Release|Any CPU
		{2BC58B85-91A1-4703-A171-E00380DD4EFC}.Release|Any CPU.Build.0 = Release|Any CPU
		{15C616B8-DD00-40B2-8BD4-CB7D0C9550B4}.Debug|Any CPU.ActiveCfg = Debug|Any CPU
		{15C616B8-DD00-40B2-8BD4-CB7D0C9550B4}.Debug|Any CPU.Build.0 = Debug|Any CPU
		{15C616B8-DD00-40B2-8BD4-CB7D0C9550B4}.Release|Any CPU.ActiveCfg = Release|Any CPU
		{15C616B8-DD00-40B2-8BD4-CB7D0C9550B4}.Release|Any CPU.Build.0 = Release|Any CPU
		{E629CFE3-3B4E-45DF-9AD8-977331C323EA}.Debug|Any CPU.ActiveCfg = Debug|Any CPU
		{E629CFE3-3B4E-45DF-9AD8-977331C323EA}.Debug|Any CPU.Build.0 = Debug|Any CPU
		{E629CFE3-3B4E-45DF-9AD8-977331C323EA}.Release|Any CPU.ActiveCfg = Release|Any CPU
		{E629CFE3-3B4E-45DF-9AD8-977331C323EA}.Release|Any CPU.Build.0 = Release|Any CPU
	EndGlobalSection
EndGlobal
